
Microsoft Visual Studio Solution File, Format Version 12.00
# Visual Studio 15
VisualStudioVersion = 15.0.26403.3
MinimumVisualStudioVersion = 10.0.40219.1
Project("{FAE04EC0-301F-11D3-BF4B-00C04F79EFBC}") = "InfoFenix.Core", "src\InfoFenix.Core\InfoFenix.Core.csproj", "{2EC3195B-9CCA-41B5-8797-F1C051456FB6}"
EndProject
Project("{FAE04EC0-301F-11D3-BF4B-00C04F79EFBC}") = "InfoFenix.Application", "src\InfoFenix.Application\InfoFenix.Application.csproj", "{90AEE0CB-C472-4CD8-A53B-02375360FD4B}"
EndProject
Project("{2150E333-8FDC-42A3-9474-1A3956D46DE8}") = "Src", "Src", "{386DC0C5-5A00-4B87-AB31-61ACFFCAF8AA}"
EndProject
Project("{FAE04EC0-301F-11D3-BF4B-00C04F79EFBC}") = "InfoFenix.Resources", "src\InfoFenix.Resources\InfoFenix.Resources.csproj", "{0BC53D2A-B8EF-41D7-B631-46D2E27B2756}"
EndProject
Project("{FAE04EC0-301F-11D3-BF4B-00C04F79EFBC}") = "InfoFenix.Migrations", "src\InfoFenix.Migrations\InfoFenix.Migrations.csproj", "{7572EFF1-4A49-46A9-B1B5-C9CDC3977F96}"
EndProject
Project("{FAE04EC0-301F-11D3-BF4B-00C04F79EFBC}") = "InfoFenix.Bootstrap", "src\InfoFenix.Bootstrap\InfoFenix.Bootstrap.csproj", "{7859EC6C-6FA4-4C59-A448-B7E4A00193BC}"
EndProject
Project("{FAE04EC0-301F-11D3-BF4B-00C04F79EFBC}") = "InfoFenix.IoC", "src\InfoFenix.IoC\InfoFenix.IoC.csproj", "{ED5CF10B-9042-48C5-A605-CBA75D95F0BD}"
EndProject
Project("{FAE04EC0-301F-11D3-BF4B-00C04F79EFBC}") = "InfoFenix.Data", "src\InfoFenix.Data\InfoFenix.Data.csproj", "{C79A8933-C1FD-4499-8CB4-876B9FD2653A}"
EndProject
Project("{2150E333-8FDC-42A3-9474-1A3956D46DE8}") = "Impl", "Impl", "{0C9530A1-BAEB-498A-9318-2D6F28CD000C}"
EndProject
Project("{2150E333-8FDC-42A3-9474-1A3956D46DE8}") = "Res", "Res", "{E4E10387-4601-49CC-A552-15C5F542B6B0}"
EndProject
Project("{FAE04EC0-301F-11D3-BF4B-00C04F79EFBC}") = "InfoFenix.Logging", "src\InfoFenix.Logging\InfoFenix.Logging.csproj", "{7C5D759A-493D-4378-BFE8-2DAECC48678D}"
EndProject
Project("{FAE04EC0-301F-11D3-BF4B-00C04F79EFBC}") = "InfoFenix.Office", "src\InfoFenix.Office\InfoFenix.Office.csproj", "{67B60B31-A2C0-405B-ACC9-705DBFE02226}"
EndProject
Project("{FAE04EC0-301F-11D3-BF4B-00C04F79EFBC}") = "InfoFenix.PubSub", "src\InfoFenix.PubSub\InfoFenix.PubSub.csproj", "{C36DE7A9-AE1A-4B0F-A0CD-9589677F329F}"
EndProject
Project("{FAE04EC0-301F-11D3-BF4B-00C04F79EFBC}") = "InfoFenix.Services", "src\InfoFenix.Services\InfoFenix.Services.csproj", "{DBF9F989-BFB2-4259-81E2-95314587091E}"
EndProject
Project("{FAE04EC0-301F-11D3-BF4B-00C04F79EFBC}") = "InfoFenix.CQRS", "src\InfoFenix.CQRS\InfoFenix.CQRS.csproj", "{5BB89AE2-FDCA-4E3D-938A-E4B0318CE7B7}"
EndProject
Project("{FAE04EC0-301F-11D3-BF4B-00C04F79EFBC}") = "InfoFenix.Domains", "src\InfoFenix.Domains\InfoFenix.Domains.csproj", "{A3F9B428-A712-46F4-9CFE-E14EA18B1F7F}"
EndProject
Project("{FAE04EC0-301F-11D3-BF4B-00C04F79EFBC}") = "InfoFenix.Configuration", "src\InfoFenix.Configuration\InfoFenix.Configuration.csproj", "{733F9249-5DE9-4373-9776-3043D66B10FB}"
EndProject
Project("{FAE04EC0-301F-11D3-BF4B-00C04F79EFBC}") = "InfoFenix.Search", "src\InfoFenix.Search\InfoFenix.Search.csproj", "{C656A1DD-AAA0-4602-8142-F22223C91FFD}"
EndProject
Global
	GlobalSection(SolutionConfigurationPlatforms) = preSolution
		Debug|Any CPU = Debug|Any CPU
		Release|Any CPU = Release|Any CPU
	EndGlobalSection
	GlobalSection(ProjectConfigurationPlatforms) = postSolution
		{2EC3195B-9CCA-41B5-8797-F1C051456FB6}.Debug|Any CPU.ActiveCfg = Debug|Any CPU
		{2EC3195B-9CCA-41B5-8797-F1C051456FB6}.Debug|Any CPU.Build.0 = Debug|Any CPU
		{2EC3195B-9CCA-41B5-8797-F1C051456FB6}.Release|Any CPU.ActiveCfg = Release|Any CPU
		{2EC3195B-9CCA-41B5-8797-F1C051456FB6}.Release|Any CPU.Build.0 = Release|Any CPU
		{90AEE0CB-C472-4CD8-A53B-02375360FD4B}.Debug|Any CPU.ActiveCfg = Debug|Any CPU
		{90AEE0CB-C472-4CD8-A53B-02375360FD4B}.Debug|Any CPU.Build.0 = Debug|Any CPU
		{90AEE0CB-C472-4CD8-A53B-02375360FD4B}.Release|Any CPU.ActiveCfg = Release|Any CPU
		{90AEE0CB-C472-4CD8-A53B-02375360FD4B}.Release|Any CPU.Build.0 = Release|Any CPU
		{0BC53D2A-B8EF-41D7-B631-46D2E27B2756}.Debug|Any CPU.ActiveCfg = Debug|Any CPU
		{0BC53D2A-B8EF-41D7-B631-46D2E27B2756}.Debug|Any CPU.Build.0 = Debug|Any CPU
		{0BC53D2A-B8EF-41D7-B631-46D2E27B2756}.Release|Any CPU.ActiveCfg = Release|Any CPU
		{0BC53D2A-B8EF-41D7-B631-46D2E27B2756}.Release|Any CPU.Build.0 = Release|Any CPU
		{7572EFF1-4A49-46A9-B1B5-C9CDC3977F96}.Debug|Any CPU.ActiveCfg = Debug|Any CPU
		{7572EFF1-4A49-46A9-B1B5-C9CDC3977F96}.Debug|Any CPU.Build.0 = Debug|Any CPU
		{7572EFF1-4A49-46A9-B1B5-C9CDC3977F96}.Release|Any CPU.ActiveCfg = Release|Any CPU
		{7572EFF1-4A49-46A9-B1B5-C9CDC3977F96}.Release|Any CPU.Build.0 = Release|Any CPU
		{7859EC6C-6FA4-4C59-A448-B7E4A00193BC}.Debug|Any CPU.ActiveCfg = Debug|Any CPU
		{7859EC6C-6FA4-4C59-A448-B7E4A00193BC}.Debug|Any CPU.Build.0 = Debug|Any CPU
		{7859EC6C-6FA4-4C59-A448-B7E4A00193BC}.Release|Any CPU.ActiveCfg = Release|Any CPU
		{7859EC6C-6FA4-4C59-A448-B7E4A00193BC}.Release|Any CPU.Build.0 = Release|Any CPU
		{ED5CF10B-9042-48C5-A605-CBA75D95F0BD}.Debug|Any CPU.ActiveCfg = Debug|Any CPU
		{ED5CF10B-9042-48C5-A605-CBA75D95F0BD}.Debug|Any CPU.Build.0 = Debug|Any CPU
		{ED5CF10B-9042-48C5-A605-CBA75D95F0BD}.Release|Any CPU.ActiveCfg = Release|Any CPU
		{ED5CF10B-9042-48C5-A605-CBA75D95F0BD}.Release|Any CPU.Build.0 = Release|Any CPU
		{C79A8933-C1FD-4499-8CB4-876B9FD2653A}.Debug|Any CPU.ActiveCfg = Debug|Any CPU
		{C79A8933-C1FD-4499-8CB4-876B9FD2653A}.Debug|Any CPU.Build.0 = Debug|Any CPU
		{C79A8933-C1FD-4499-8CB4-876B9FD2653A}.Release|Any CPU.ActiveCfg = Release|Any CPU
		{C79A8933-C1FD-4499-8CB4-876B9FD2653A}.Release|Any CPU.Build.0 = Release|Any CPU
		{7C5D759A-493D-4378-BFE8-2DAECC48678D}.Debug|Any CPU.ActiveCfg = Debug|Any CPU
		{7C5D759A-493D-4378-BFE8-2DAECC48678D}.Debug|Any CPU.Build.0 = Debug|Any CPU
		{7C5D759A-493D-4378-BFE8-2DAECC48678D}.Release|Any CPU.ActiveCfg = Release|Any CPU
		{7C5D759A-493D-4378-BFE8-2DAECC48678D}.Release|Any CPU.Build.0 = Release|Any CPU
		{67B60B31-A2C0-405B-ACC9-705DBFE02226}.Debug|Any CPU.ActiveCfg = Debug|Any CPU
		{67B60B31-A2C0-405B-ACC9-705DBFE02226}.Debug|Any CPU.Build.0 = Debug|Any CPU
		{67B60B31-A2C0-405B-ACC9-705DBFE02226}.Release|Any CPU.ActiveCfg = Release|Any CPU
		{67B60B31-A2C0-405B-ACC9-705DBFE02226}.Release|Any CPU.Build.0 = Release|Any CPU
		{C36DE7A9-AE1A-4B0F-A0CD-9589677F329F}.Debug|Any CPU.ActiveCfg = Debug|Any CPU
		{C36DE7A9-AE1A-4B0F-A0CD-9589677F329F}.Debug|Any CPU.Build.0 = Debug|Any CPU
		{C36DE7A9-AE1A-4B0F-A0CD-9589677F329F}.Release|Any CPU.ActiveCfg = Release|Any CPU
		{C36DE7A9-AE1A-4B0F-A0CD-9589677F329F}.Release|Any CPU.Build.0 = Release|Any CPU
		{DBF9F989-BFB2-4259-81E2-95314587091E}.Debug|Any CPU.ActiveCfg = Debug|Any CPU
		{DBF9F989-BFB2-4259-81E2-95314587091E}.Debug|Any CPU.Build.0 = Debug|Any CPU
		{DBF9F989-BFB2-4259-81E2-95314587091E}.Release|Any CPU.ActiveCfg = Release|Any CPU
		{DBF9F989-BFB2-4259-81E2-95314587091E}.Release|Any CPU.Build.0 = Release|Any CPU
		{5BB89AE2-FDCA-4E3D-938A-E4B0318CE7B7}.Debug|Any CPU.ActiveCfg = Debug|Any CPU
		{5BB89AE2-FDCA-4E3D-938A-E4B0318CE7B7}.Debug|Any CPU.Build.0 = Debug|Any CPU
		{5BB89AE2-FDCA-4E3D-938A-E4B0318CE7B7}.Release|Any CPU.ActiveCfg = Release|Any CPU
		{5BB89AE2-FDCA-4E3D-938A-E4B0318CE7B7}.Release|Any CPU.Build.0 = Release|Any CPU
		{A3F9B428-A712-46F4-9CFE-E14EA18B1F7F}.Debug|Any CPU.ActiveCfg = Debug|Any CPU
		{A3F9B428-A712-46F4-9CFE-E14EA18B1F7F}.Debug|Any CPU.Build.0 = Debug|Any CPU
		{A3F9B428-A712-46F4-9CFE-E14EA18B1F7F}.Release|Any CPU.ActiveCfg = Release|Any CPU
		{A3F9B428-A712-46F4-9CFE-E14EA18B1F7F}.Release|Any CPU.Build.0 = Release|Any CPU
		{733F9249-5DE9-4373-9776-3043D66B10FB}.Debug|Any CPU.ActiveCfg = Debug|Any CPU
		{733F9249-5DE9-4373-9776-3043D66B10FB}.Debug|Any CPU.Build.0 = Debug|Any CPU
		{733F9249-5DE9-4373-9776-3043D66B10FB}.Release|Any CPU.ActiveCfg = Release|Any CPU
		{733F9249-5DE9-4373-9776-3043D66B10FB}.Release|Any CPU.Build.0 = Release|Any CPU
		{C656A1DD-AAA0-4602-8142-F22223C91FFD}.Debug|Any CPU.ActiveCfg = Debug|Any CPU
		{C656A1DD-AAA0-4602-8142-F22223C91FFD}.Debug|Any CPU.Build.0 = Debug|Any CPU
		{C656A1DD-AAA0-4602-8142-F22223C91FFD}.Release|Any CPU.ActiveCfg = Release|Any CPU
		{C656A1DD-AAA0-4602-8142-F22223C91FFD}.Release|Any CPU.Build.0 = Release|Any CPU
	EndGlobalSection
	GlobalSection(SolutionProperties) = preSolution
		HideSolutionNode = FALSE
	EndGlobalSection
	GlobalSection(NestedProjects) = preSolution
		{2EC3195B-9CCA-41B5-8797-F1C051456FB6} = {386DC0C5-5A00-4B87-AB31-61ACFFCAF8AA}
		{90AEE0CB-C472-4CD8-A53B-02375360FD4B} = {386DC0C5-5A00-4B87-AB31-61ACFFCAF8AA}
		{0BC53D2A-B8EF-41D7-B631-46D2E27B2756} = {E4E10387-4601-49CC-A552-15C5F542B6B0}
		{7572EFF1-4A49-46A9-B1B5-C9CDC3977F96} = {0C9530A1-BAEB-498A-9318-2D6F28CD000C}
		{7859EC6C-6FA4-4C59-A448-B7E4A00193BC} = {0C9530A1-BAEB-498A-9318-2D6F28CD000C}
		{ED5CF10B-9042-48C5-A605-CBA75D95F0BD} = {0C9530A1-BAEB-498A-9318-2D6F28CD000C}
		{C79A8933-C1FD-4499-8CB4-876B9FD2653A} = {0C9530A1-BAEB-498A-9318-2D6F28CD000C}
		{7C5D759A-493D-4378-BFE8-2DAECC48678D} = {0C9530A1-BAEB-498A-9318-2D6F28CD000C}
		{67B60B31-A2C0-405B-ACC9-705DBFE02226} = {0C9530A1-BAEB-498A-9318-2D6F28CD000C}
		{C36DE7A9-AE1A-4B0F-A0CD-9589677F329F} = {0C9530A1-BAEB-498A-9318-2D6F28CD000C}
		{DBF9F989-BFB2-4259-81E2-95314587091E} = {0C9530A1-BAEB-498A-9318-2D6F28CD000C}
		{5BB89AE2-FDCA-4E3D-938A-E4B0318CE7B7} = {0C9530A1-BAEB-498A-9318-2D6F28CD000C}
		{A3F9B428-A712-46F4-9CFE-E14EA18B1F7F} = {0C9530A1-BAEB-498A-9318-2D6F28CD000C}
		{733F9249-5DE9-4373-9776-3043D66B10FB} = {0C9530A1-BAEB-498A-9318-2D6F28CD000C}
		{C656A1DD-AAA0-4602-8142-F22223C91FFD} = {0C9530A1-BAEB-498A-9318-2D6F28CD000C}
	EndGlobalSection
EndGlobal
